// !$*UTF8*$!
{
	archiveVersion = 1;
	classes = {
	};
	objectVersion = 56;
	objects = {

/* Begin PBXBuildFile section */
		540D5A9B2A42B20600D25C40 /* SudoQuizAppApp.swift in Sources */ = {isa = PBXBuildFile; fileRef = 540D5A9A2A42B20600D25C40 /* SudoQuizAppApp.swift */; };
		540D5A9D2A42B20600D25C40 /* ContentView.swift in Sources */ = {isa = PBXBuildFile; fileRef = 540D5A9C2A42B20600D25C40 /* ContentView.swift */; };
		540D5A9F2A42B20700D25C40 /* Assets.xcassets in Resources */ = {isa = PBXBuildFile; fileRef = 540D5A9E2A42B20700D25C40 /* Assets.xcassets */; };
		540D5AA22A42B20700D25C40 /* Preview Assets.xcassets in Resources */ = {isa = PBXBuildFile; fileRef = 540D5AA12A42B20700D25C40 /* Preview Assets.xcassets */; };
		540D5AA92A42B31400D25C40 /* quizData.swift in Sources */ = {isa = PBXBuildFile; fileRef = 540D5AA82A42B31400D25C40 /* quizData.swift */; };
		540D5AAC2A42E25D00D25C40 /* DungGeunMo.otf in Resources */ = {isa = PBXBuildFile; fileRef = 540D5AAB2A42E25C00D25C40 /* DungGeunMo.otf */; };
/* End PBXBuildFile section */

/* Begin PBXFileReference section */
		540D5A972A42B20600D25C40 /* SudoQuizApp.app */ = {isa = PBXFileReference; explicitFileType = wrapper.application; includeInIndex = 0; path = SudoQuizApp.app; sourceTree = BUILT_PRODUCTS_DIR; };
		540D5A9A2A42B20600D25C40 /* SudoQuizAppApp.swift */ = {isa = PBXFileReference; lastKnownFileType = sourcecode.swift; path = SudoQuizAppApp.swift; sourceTree = "<group>"; };
		540D5A9C2A42B20600D25C40 /* ContentView.swift */ = {isa = PBXFileReference; lastKnownFileType = sourcecode.swift; path = ContentView.swift; sourceTree = "<group>"; };
		540D5A9E2A42B20700D25C40 /* Assets.xcassets */ = {isa = PBXFileReference; lastKnownFileType = folder.assetcatalog; path = Assets.xcassets; sourceTree = "<group>"; };
		540D5AA12A42B20700D25C40 /* Preview Assets.xcassets */ = {isa = PBXFileReference; lastKnownFileType = folder.assetcatalog; path = "Preview Assets.xcassets"; sourceTree = "<group>"; };
		540D5AA82A42B31400D25C40 /* quizData.swift */ = {isa = PBXFileReference; lastKnownFileType = sourcecode.swift; path = quizData.swift; sourceTree = "<group>"; };
		540D5AAB2A42E25C00D25C40 /* DungGeunMo.otf */ = {isa = PBXFileReference; lastKnownFileType = file; path = DungGeunMo.otf; sourceTree = "<group>"; };
		540D5AAD2A42E52200D25C40 /* Info.plist */ = {isa = PBXFileReference; lastKnownFileType = text.plist; path = Info.plist; sourceTree = "<group>"; };
/* End PBXFileReference section */

/* Begin PBXFrameworksBuildPhase section */
		540D5A942A42B20600D25C40 /* Frameworks */ = {
			isa = PBXFrameworksBuildPhase;
			buildActionMask = 2147483647;
			files = (
			);
			runOnlyForDeploymentPostprocessing = 0;
		};
/* End PBXFrameworksBuildPhase section */

/* Begin PBXGroup section */
		540D5A8E2A42B20600D25C40 = {
			isa = PBXGroup;
			children = (
				540D5AAA2A42E24100D25C40 /* Font */,
				540D5A992A42B20600D25C40 /* SudoQuizApp */,
				540D5A982A42B20600D25C40 /* Products */,
			);
			sourceTree = "<group>";
		};
		540D5A982A42B20600D25C40 /* Products */ = {
			isa = PBXGroup;
			children = (
				540D5A972A42B20600D25C40 /* SudoQuizApp.app */,
			);
			name = Products;
			sourceTree = "<group>";
		};
		540D5A992A42B20600D25C40 /* SudoQuizApp */ = {
			isa = PBXGroup;
			children = (
				540D5AAD2A42E52200D25C40 /* Info.plist */,
				540D5A9A2A42B20600D25C40 /* SudoQuizAppApp.swift */,
				540D5A9C2A42B20600D25C40 /* ContentView.swift */,
				540D5AA82A42B31400D25C40 /* quizData.swift */,
				540D5A9E2A42B20700D25C40 /* Assets.xcassets */,
				540D5AA02A42B20700D25C40 /* Preview Content */,
			);
			path = SudoQuizApp;
			sourceTree = "<group>";
		};
		540D5AA02A42B20700D25C40 /* Preview Content */ = {
			isa = PBXGroup;
			children = (
				540D5AA12A42B20700D25C40 /* Preview Assets.xcassets */,
			);
			path = "Preview Content";
			sourceTree = "<group>";
		};
		540D5AAA2A42E24100D25C40 /* Font */ = {
			isa = PBXGroup;
			children = (
				540D5AAB2A42E25C00D25C40 /* DungGeunMo.otf */,
			);
			path = Font;
			sourceTree = "<group>";
		};
/* End PBXGroup section */

/* Begin PBXNativeTarget section */
		540D5A962A42B20600D25C40 /* SudoQuizApp */ = {
			isa = PBXNativeTarget;
			buildConfigurationList = 540D5AA52A42B20700D25C40 /* Build configuration list for PBXNativeTarget "SudoQuizApp" */;
			buildPhases = (
				540D5A932A42B20600D25C40 /* Sources */,
				540D5A942A42B20600D25C40 /* Frameworks */,
				540D5A952A42B20600D25C40 /* Resources */,
			);
			buildRules = (
			);
			dependencies = (
			);
			name = SudoQuizApp;
			productName = SudoQuizApp;
			productReference = 540D5A972A42B20600D25C40 /* SudoQuizApp.app */;
			productType = "com.apple.product-type.application";
		};
/* End PBXNativeTarget section */

/* Begin PBXProject section */
		540D5A8F2A42B20600D25C40 /* Project object */ = {
			isa = PBXProject;
			attributes = {
				BuildIndependentTargetsInParallel = 1;
				LastSwiftUpdateCheck = 1430;
				LastUpgradeCheck = 1430;
				TargetAttributes = {
					540D5A962A42B20600D25C40 = {
						CreatedOnToolsVersion = 14.3.1;
					};
				};
			};
			buildConfigurationList = 540D5A922A42B20600D25C40 /* Build configuration list for PBXProject "SudoQuizApp" */;
			compatibilityVersion = "Xcode 14.0";
			developmentRegion = en;
			hasScannedForEncodings = 0;
			knownRegions = (
				en,
				Base,
			);
			mainGroup = 540D5A8E2A42B20600D25C40;
			productRefGroup = 540D5A982A42B20600D25C40 /* Products */;
			projectDirPath = "";
			projectRoot = "";
			targets = (
				540D5A962A42B20600D25C40 /* SudoQuizApp */,
			);
		};
/* End PBXProject section */

/* Begin PBXResourcesBuildPhase section */
		540D5A952A42B20600D25C40 /* Resources */ = {
			isa = PBXResourcesBuildPhase;
			buildActionMask = 2147483647;
			files = (
				540D5AA22A42B20700D25C40 /* Preview Assets.xcassets in Resources */,
				540D5AAC2A42E25D00D25C40 /* DungGeunMo.otf in Resources */,
				540D5A9F2A42B20700D25C40 /* Assets.xcassets in Resources */,
			);
			runOnlyForDeploymentPostprocessing = 0;
		};
/* End PBXResourcesBuildPhase section */

/* Begin PBXSourcesBuildPhase section */
		540D5A932A42B20600D25C40 /* Sources */ = {
			isa = PBXSourcesBuildPhase;
			buildActionMask = 2147483647;
			files = (
				540D5AA92A42B31400D25C40 /* quizData.swift in Sources */,
				540D5A9D2A42B20600D25C40 /* ContentView.swift in Sources */,
				540D5A9B2A42B20600D25C40 /* SudoQuizAppApp.swift in Sources */,
			);
			runOnlyForDeploymentPostprocessing = 0;
		};
/* End PBXSourcesBuildPhase section */

/* Begin XCBuildConfiguration section */
		540D5AA32A42B20700D25C40 /* Debug */ = {
			isa = XCBuildConfiguration;
			buildSettings = {
				ALWAYS_SEARCH_USER_PATHS = NO;
				CLANG_ANALYZER_NONNULL = YES;
				CLANG_ANALYZER_NUMBER_OBJECT_CONVERSION = YES_AGGRESSIVE;
				CLANG_CXX_LANGUAGE_STANDARD = "gnu++20";
				CLANG_ENABLE_MODULES = YES;
				CLANG_ENABLE_OBJC_ARC = YES;
				CLANG_ENABLE_OBJC_WEAK = YES;
				CLANG_WARN_BLOCK_CAPTURE_AUTORELEASING = YES;
				CLANG_WARN_BOOL_CONVERSION = YES;
				CLANG_WARN_COMMA = YES;
				CLANG_WARN_CONSTANT_CONVERSION = YES;
				CLANG_WARN_DEPRECATED_OBJC_IMPLEMENTATIONS = YES;
				CLANG_WARN_DIRECT_OBJC_ISA_USAGE = YES_ERROR;
				CLANG_WARN_DOCUMENTATION_COMMENTS = YES;
				CLANG_WARN_EMPTY_BODY = YES;
				CLANG_WARN_ENUM_CONVERSION = YES;
				CLANG_WARN_INFINITE_RECURSION = YES;
				CLANG_WARN_INT_CONVERSION = YES;
				CLANG_WARN_NON_LITERAL_NULL_CONVERSION = YES;
				CLANG_WARN_OBJC_IMPLICIT_RETAIN_SELF = YES;
				CLANG_WARN_OBJC_LITERAL_CONVERSION = YES;
				CLANG_WARN_OBJC_ROOT_CLASS = YES_ERROR;
				CLANG_WARN_QUOTED_INCLUDE_IN_FRAMEWORK_HEADER = YES;
				CLANG_WARN_RANGE_LOOP_ANALYSIS = YES;
				CLANG_WARN_STRICT_PROTOTYPES = YES;
				CLANG_WARN_SUSPICIOUS_MOVE = YES;
				CLANG_WARN_UNGUARDED_AVAILABILITY = YES_AGGRESSIVE;
				CLANG_WARN_UNREACHABLE_CODE = YES;
				CLANG_WARN__DUPLICATE_METHOD_MATCH = YES;
				COPY_PHASE_STRIP = NO;
				DEBUG_INFORMATION_FORMAT = dwarf;
				ENABLE_STRICT_OBJC_MSGSEND = YES;
				ENABLE_TESTABILITY = YES;
				GCC_C_LANGUAGE_STANDARD = gnu11;
				GCC_DYNAMIC_NO_PIC = NO;
				GCC_NO_COMMON_BLOCKS = YES;
				GCC_OPTIMIZATION_LEVEL = 0;
				GCC_PREPROCESSOR_DEFINITIONS = (
					"DEBUG=1",
					"$(inherited)",
				);
				GCC_WARN_64_TO_32_BIT_CONVERSION = YES;
				GCC_WARN_ABOUT_RETURN_TYPE = YES_ERROR;
				GCC_WARN_UNDECLARED_SELECTOR = YES;
				GCC_WARN_UNINITIALIZED_AUTOS = YES_AGGRESSIVE;
				GCC_WARN_UNUSED_FUNCTION = YES;
				GCC_WARN_UNUSED_VARIABLE = YES;
				IPHONEOS_DEPLOYMENT_TARGET = 16.4;
				MTL_ENABLE_DEBUG_INFO = INCLUDE_SOURCE;
				MTL_FAST_MATH = YES;
				ONLY_ACTIVE_ARCH = YES;
				SDKROOT = iphoneos;
				SWIFT_ACTIVE_COMPILATION_CONDITIONS = DEBUG;
				SWIFT_OPTIMIZATION_LEVEL = "-Onone";
			};
			name = Debug;
		};
		540D5AA42A42B20700D25C40 /* Release */ = {
			isa = XCBuildConfiguration;
			buildSettings = {
				ALWAYS_SEARCH_USER_PATHS = NO;
				CLANG_ANALYZER_NONNULL = YES;
				CLANG_ANALYZER_NUMBER_OBJECT_CONVERSION = YES_AGGRESSIVE;
				CLANG_CXX_LANGUAGE_STANDARD = "gnu++20";
				CLANG_ENABLE_MODULES = YES;
				CLANG_ENABLE_OBJC_ARC = YES;
				CLANG_ENABLE_OBJC_WEAK = YES;
				CLANG_WARN_BLOCK_CAPTURE_AUTORELEASING = YES;
				CLANG_WARN_BOOL_CONVERSION = YES;
				CLANG_WARN_COMMA = YES;
				CLANG_WARN_CONSTANT_CONVERSION = YES;
				CLANG_WARN_DEPRECATED_OBJC_IMPLEMENTATIONS = YES;
				CLANG_WARN_DIRECT_OBJC_ISA_USAGE = YES_ERROR;
				CLANG_WARN_DOCUMENTATION_COMMENTS = YES;
				CLANG_WARN_EMPTY_BODY = YES;
				CLANG_WARN_ENUM_CONVERSION = YES;
				CLANG_WARN_INFINITE_RECURSION = YES;
				CLANG_WARN_INT_CONVERSION = YES;
				CLANG_WARN_NON_LITERAL_NULL_CONVERSION = YES;
				CLANG_WARN_OBJC_IMPLICIT_RETAIN_SELF = YES;
				CLANG_WARN_OBJC_LITERAL_CONVERSION = YES;
				CLANG_WARN_OBJC_ROOT_CLASS = YES_ERROR;
				CLANG_WARN_QUOTED_INCLUDE_IN_FRAMEWORK_HEADER = YES;
				CLANG_WARN_RANGE_LOOP_ANALYSIS = YES;
				CLANG_WARN_STRICT_PROTOTYPES = YES;
				CLANG_WARN_SUSPICIOUS_MOVE = YES;
				CLANG_WARN_UNGUARDED_AVAILABILITY = YES_AGGRESSIVE;
				CLANG_WARN_UNREACHABLE_CODE = YES;
				CLANG_WARN__DUPLICATE_METHOD_MATCH = YES;
				COPY_PHASE_STRIP = NO;
				DEBUG_INFORMATION_FORMAT = "dwarf-with-dsym";
				ENABLE_NS_ASSERTIONS = NO;
				ENABLE_STRICT_OBJC_MSGSEND = YES;
				GCC_C_LANGUAGE_STANDARD = gnu11;
				GCC_NO_COMMON_BLOCKS = YES;
				GCC_WARN_64_TO_32_BIT_CONVERSION = YES;
				GCC_WARN_ABOUT_RETURN_TYPE = YES_ERROR;
				GCC_WARN_UNDECLARED_SELECTOR = YES;
				GCC_WARN_UNINITIALIZED_AUTOS = YES_AGGRESSIVE;
				GCC_WARN_UNUSED_FUNCTION = YES;
				GCC_WARN_UNUSED_VARIABLE = YES;
				IPHONEOS_DEPLOYMENT_TARGET = 16.4;
				MTL_ENABLE_DEBUG_INFO = NO;
				MTL_FAST_MATH = YES;
				SDKROOT = iphoneos;
				SWIFT_COMPILATION_MODE = wholemodule;
				SWIFT_OPTIMIZATION_LEVEL = "-O";
				VALIDATE_PRODUCT = YES;
			};
			name = Release;
		};
		540D5AA62A42B20700D25C40 /* Debug */ = {
			isa = XCBuildConfiguration;
			buildSettings = {
				ASSETCATALOG_COMPILER_APPICON_NAME = AppIcon;
				ASSETCATALOG_COMPILER_GLOBAL_ACCENT_COLOR_NAME = AccentColor;
				CODE_SIGN_STYLE = Automatic;
				CURRENT_PROJECT_VERSION = 1;
				DEVELOPMENT_ASSET_PATHS = "\"SudoQuizApp/Preview Content\"";
				DEVELOPMENT_TEAM = S5UCK9GBFJ;
				ENABLE_PREVIEWS = YES;
				GENERATE_INFOPLIST_FILE = YES;
				INFOPLIST_FILE = SudoQuizApp/Info.plist;
				INFOPLIST_KEY_UIApplicationSceneManifest_Generation = YES;
				INFOPLIST_KEY_UIApplicationSupportsIndirectInputEvents = YES;
				INFOPLIST_KEY_UILaunchScreen_Generation = YES;
				INFOPLIST_KEY_UISupportedInterfaceOrientations_iPad = "UIInterfaceOrientationPortrait UIInterfaceOrientationPortraitUpsideDown UIInterfaceOrientationLandscapeLeft UIInterfaceOrientationLandscapeRight";
				INFOPLIST_KEY_UISupportedInterfaceOrientations_iPhone = "UIInterfaceOrientationPortrait UIInterfaceOrientationLandscapeLeft UIInterfaceOrientationLandscapeRight";
				LD_RUNPATH_SEARCH_PATHS = (
					"$(inherited)",
					"@executable_path/Frameworks",
				);
				MARKETING_VERSION = 1.0;
				PRODUCT_BUNDLE_IDENTIFIER = com.dasom8899981.SudoQuizApp;
				PRODUCT_NAME = "$(TARGET_NAME)";
				SWIFT_EMIT_LOC_STRINGS = YES;
				SWIFT_VERSION = 5.0;
				TARGETED_DEVICE_FAMILY = "1,2";
			};
			name = Debug;
		};
		540D5AA72A42B20700D25C40 /* Release */ = {
			isa = XCBuildConfiguration;
			buildSettings = {
				ASSETCATALOG_COMPILER_APPICON_NAME = AppIcon;
				ASSETCATALOG_COMPILER_GLOBAL_ACCENT_COLOR_NAME = AccentColor;
				CODE_SIGN_STYLE = Automatic;
				CURRENT_PROJECT_VERSION = 1;
				DEVELOPMENT_ASSET_PATHS = "\"SudoQuizApp/Preview Content\"";
				DEVELOPMENT_TEAM = S5UCK9GBFJ;
				ENABLE_PREVIEWS = YES;
				GENERATE_INFOPLIST_FILE = YES;
				INFOPLIST_FILE = SudoQuizApp/Info.plist;
				INFOPLIST_KEY_UIApplicationSceneManifest_Generation = YES;
				INFOPLIST_KEY_UIApplicationSupportsIndirectInputEvents = YES;
				INFOPLIST_KEY_UILaunchScreen_Generation = YES;
				INFOPLIST_KEY_UISupportedInterfaceOrientations_iPad = "UIInterfaceOrientationPortrait UIInterfaceOrientationPortraitUpsideDown UIInterfaceOrientationLandscapeLeft UIInterfaceOrientationLandscapeRight";
				INFOPLIST_KEY_UISupportedInterfaceOrientations_iPhone = "UIInterfaceOrientationPortrait UIInterfaceOrientationLandscapeLeft UIInterfaceOrientationLandscapeRight";
				LD_RUNPATH_SEARCH_PATHS = (
					"$(inherited)",
					"@executable_path/Frameworks",
				);
				MARKETING_VERSION = 1.0;
				PRODUCT_BUNDLE_IDENTIFIER = com.dasom8899981.SudoQuizApp;
				PRODUCT_NAME = "$(TARGET_NAME)";
				SWIFT_EMIT_LOC_STRINGS = YES;
				SWIFT_VERSION = 5.0;
				TARGETED_DEVICE_FAMILY = "1,2";
			};
			name = Release;
		};
/* End XCBuildConfiguration section */

/* Begin XCConfigurationList section */
		540D5A922A42B20600D25C40 /* Build configuration list for PBXProject "SudoQuizApp" */ = {
			isa = XCConfigurationList;
			buildConfigurations = (
				540D5AA32A42B20700D25C40 /* Debug */,
				540D5AA42A42B20700D25C40 /* Release */,
			);
			defaultConfigurationIsVisible = 0;
			defaultConfigurationName = Release;
		};
		540D5AA52A42B20700D25C40 /* Build configuration list for PBXNativeTarget "SudoQuizApp" */ = {
			isa = XCConfigurationList;
			buildConfigurations = (
				540D5AA62A42B20700D25C40 /* Debug */,
				540D5AA72A42B20700D25C40 /* Release */,
			);
			defaultConfigurationIsVisible = 0;
			defaultConfigurationName = Release;
		};
/* End XCConfigurationList section */
	};
	rootObject = 540D5A8F2A42B20600D25C40 /* Project object */;
}
