// !$*UTF8*$!
{
	archiveVersion = 1;
	classes = {
	};
	objectVersion = 56;
	objects = {

/* Begin PBXBuildFile section */
		36928B4D2A42EBAB00A6DE38 /* AppDelegate.swift in Sources */ = {isa = PBXBuildFile; fileRef = 36928B4C2A42EBAB00A6DE38 /* AppDelegate.swift */; };
		36928B4F2A42EBAB00A6DE38 /* SceneDelegate.swift in Sources */ = {isa = PBXBuildFile; fileRef = 36928B4E2A42EBAB00A6DE38 /* SceneDelegate.swift */; };
		36928B512A42EBAB00A6DE38 /* ViewController.swift in Sources */ = {isa = PBXBuildFile; fileRef = 36928B502A42EBAB00A6DE38 /* ViewController.swift */; };
		36928B542A42EBAB00A6DE38 /* Main.storyboard in Resources */ = {isa = PBXBuildFile; fileRef = 36928B522A42EBAB00A6DE38 /* Main.storyboard */; };
		36928B562A42EBAB00A6DE38 /* Assets.xcassets in Resources */ = {isa = PBXBuildFile; fileRef = 36928B552A42EBAB00A6DE38 /* Assets.xcassets */; };
		36928B592A42EBAB00A6DE38 /* LaunchScreen.storyboard in Resources */ = {isa = PBXBuildFile; fileRef = 36928B572A42EBAB00A6DE38 /* LaunchScreen.storyboard */; };
		36928B612A42ED7A00A6DE38 /* quizData.swift in Sources */ = {isa = PBXBuildFile; fileRef = 36928B602A42ED7A00A6DE38 /* quizData.swift */; };
		36E7CE192A44016B00B92032 /* DungGeunMo.otf in Resources */ = {isa = PBXBuildFile; fileRef = 36E7CE182A44016B00B92032 /* DungGeunMo.otf */; };
/* End PBXBuildFile section */

/* Begin PBXFileReference section */
		36928B492A42EBAB00A6DE38 /* SudoQuiz_UIKIT.app */ = {isa = PBXFileReference; explicitFileType = wrapper.application; includeInIndex = 0; path = SudoQuiz_UIKIT.app; sourceTree = BUILT_PRODUCTS_DIR; };
		36928B4C2A42EBAB00A6DE38 /* AppDelegate.swift */ = {isa = PBXFileReference; lastKnownFileType = sourcecode.swift; path = AppDelegate.swift; sourceTree = "<group>"; };
		36928B4E2A42EBAB00A6DE38 /* SceneDelegate.swift */ = {isa = PBXFileReference; lastKnownFileType = sourcecode.swift; path = SceneDelegate.swift; sourceTree = "<group>"; };
		36928B502A42EBAB00A6DE38 /* ViewController.swift */ = {isa = PBXFileReference; lastKnownFileType = sourcecode.swift; path = ViewController.swift; sourceTree = "<group>"; };
		36928B532A42EBAB00A6DE38 /* Base */ = {isa = PBXFileReference; lastKnownFileType = file.storyboard; name = Base; path = Base.lproj/Main.storyboard; sourceTree = "<group>"; };
		36928B552A42EBAB00A6DE38 /* Assets.xcassets */ = {isa = PBXFileReference; lastKnownFileType = folder.assetcatalog; path = Assets.xcassets; sourceTree = "<group>"; };
		36928B582A42EBAB00A6DE38 /* Base */ = {isa = PBXFileReference; lastKnownFileType = file.storyboard; name = Base; path = Base.lproj/LaunchScreen.storyboard; sourceTree = "<group>"; };
		36928B5A2A42EBAB00A6DE38 /* Info.plist */ = {isa = PBXFileReference; lastKnownFileType = text.plist.xml; path = Info.plist; sourceTree = "<group>"; };
		36928B602A42ED7A00A6DE38 /* quizData.swift */ = {isa = PBXFileReference; lastKnownFileType = sourcecode.swift; path = quizData.swift; sourceTree = "<group>"; };
		36E7CE182A44016B00B92032 /* DungGeunMo.otf */ = {isa = PBXFileReference; lastKnownFileType = file; path = DungGeunMo.otf; sourceTree = "<group>"; };
/* End PBXFileReference section */

/* Begin PBXFrameworksBuildPhase section */
		36928B462A42EBAB00A6DE38 /* Frameworks */ = {
			isa = PBXFrameworksBuildPhase;
			buildActionMask = 2147483647;
			files = (
			);
			runOnlyForDeploymentPostprocessing = 0;
		};
/* End PBXFrameworksBuildPhase section */

/* Begin PBXGroup section */
		36928B402A42EBAB00A6DE38 = {
			isa = PBXGroup;
			children = (
				36928B4B2A42EBAB00A6DE38 /* SudoQuiz_UIKIT */,
				36928B4A2A42EBAB00A6DE38 /* Products */,
			);
			sourceTree = "<group>";
		};
		36928B4A2A42EBAB00A6DE38 /* Products */ = {
			isa = PBXGroup;
			children = (
				36928B492A42EBAB00A6DE38 /* SudoQuiz_UIKIT.app */,
			);
			name = Products;
			sourceTree = "<group>";
		};
		36928B4B2A42EBAB00A6DE38 /* SudoQuiz_UIKIT */ = {
			isa = PBXGroup;
			children = (
				36E7CE182A44016B00B92032 /* DungGeunMo.otf */,
				36928B4C2A42EBAB00A6DE38 /* AppDelegate.swift */,
				36928B4E2A42EBAB00A6DE38 /* SceneDelegate.swift */,
				36928B502A42EBAB00A6DE38 /* ViewController.swift */,
				36928B602A42ED7A00A6DE38 /* quizData.swift */,
				36928B522A42EBAB00A6DE38 /* Main.storyboard */,
				36928B552A42EBAB00A6DE38 /* Assets.xcassets */,
				36928B572A42EBAB00A6DE38 /* LaunchScreen.storyboard */,
				36928B5A2A42EBAB00A6DE38 /* Info.plist */,
			);
			path = SudoQuiz_UIKIT;
			sourceTree = "<group>";
		};
/* End PBXGroup section */

/* Begin PBXNativeTarget section */
		36928B482A42EBAB00A6DE38 /* SudoQuiz_UIKIT */ = {
			isa = PBXNativeTarget;
			buildConfigurationList = 36928B5D2A42EBAB00A6DE38 /* Build configuration list for PBXNativeTarget "SudoQuiz_UIKIT" */;
			buildPhases = (
				36928B452A42EBAB00A6DE38 /* Sources */,
				36928B462A42EBAB00A6DE38 /* Frameworks */,
				36928B472A42EBAB00A6DE38 /* Resources */,
			);
			buildRules = (
			);
			dependencies = (
			);
			name = SudoQuiz_UIKIT;
			productName = SudoQuiz_UIKIT;
			productReference = 36928B492A42EBAB00A6DE38 /* SudoQuiz_UIKIT.app */;
			productType = "com.apple.product-type.application";
		};
/* End PBXNativeTarget section */

/* Begin PBXProject section */
		36928B412A42EBAB00A6DE38 /* Project object */ = {
			isa = PBXProject;
			attributes = {
				BuildIndependentTargetsInParallel = 1;
				LastSwiftUpdateCheck = 1430;
				LastUpgradeCheck = 1430;
				TargetAttributes = {
					36928B482A42EBAB00A6DE38 = {
						CreatedOnToolsVersion = 14.3.1;
					};
				};
			};
			buildConfigurationList = 36928B442A42EBAB00A6DE38 /* Build configuration list for PBXProject "SudoQuiz_UIKIT" */;
			compatibilityVersion = "Xcode 14.0";
			developmentRegion = en;
			hasScannedForEncodings = 0;
			knownRegions = (
				en,
				Base,
			);
			mainGroup = 36928B402A42EBAB00A6DE38;
			productRefGroup = 36928B4A2A42EBAB00A6DE38 /* Products */;
			projectDirPath = "";
			projectRoot = "";
			targets = (
				36928B482A42EBAB00A6DE38 /* SudoQuiz_UIKIT */,
			);
		};
/* End PBXProject section */

/* Begin PBXResourcesBuildPhase section */
		36928B472A42EBAB00A6DE38 /* Resources */ = {
			isa = PBXResourcesBuildPhase;
			buildActionMask = 2147483647;
			files = (
				36928B592A42EBAB00A6DE38 /* LaunchScreen.storyboard in Resources */,
				36928B562A42EBAB00A6DE38 /* Assets.xcassets in Resources */,
				36E7CE192A44016B00B92032 /* DungGeunMo.otf in Resources */,
				36928B542A42EBAB00A6DE38 /* Main.storyboard in Resources */,
			);
			runOnlyForDeploymentPostprocessing = 0;
		};
/* End PBXResourcesBuildPhase section */

/* Begin PBXSourcesBuildPhase section */
		36928B452A42EBAB00A6DE38 /* Sources */ = {
			isa = PBXSourcesBuildPhase;
			buildActionMask = 2147483647;
			files = (
				36928B612A42ED7A00A6DE38 /* quizData.swift in Sources */,
				36928B512A42EBAB00A6DE38 /* ViewController.swift in Sources */,
				36928B4D2A42EBAB00A6DE38 /* AppDelegate.swift in Sources */,
				36928B4F2A42EBAB00A6DE38 /* SceneDelegate.swift in Sources */,
			);
			runOnlyForDeploymentPostprocessing = 0;
		};
/* End PBXSourcesBuildPhase section */

/* Begin PBXVariantGroup section */
		36928B522A42EBAB00A6DE38 /* Main.storyboard */ = {
			isa = PBXVariantGroup;
			children = (
				36928B532A42EBAB00A6DE38 /* Base */,
			);
			name = Main.storyboard;
			sourceTree = "<group>";
		};
		36928B572A42EBAB00A6DE38 /* LaunchScreen.storyboard */ = {
			isa = PBXVariantGroup;
			children = (
				36928B582A42EBAB00A6DE38 /* Base */,
			);
			name = LaunchScreen.storyboard;
			sourceTree = "<group>";
		};
/* End PBXVariantGroup section */

/* Begin XCBuildConfiguration section */
		36928B5B2A42EBAB00A6DE38 /* Debug */ = {
			isa = XCBuildConfiguration;
			buildSettings = {
				ALWAYS_SEARCH_USER_PATHS = NO;
				CLANG_ANALYZER_NONNULL = YES;
				CLANG_ANALYZER_NUMBER_OBJECT_CONVERSION = YES_AGGRESSIVE;
				CLANG_CXX_LANGUAGE_STANDARD = "gnu++20";
				CLANG_ENABLE_MODULES = YES;
				CLANG_ENABLE_OBJC_ARC = YES;
				CLANG_ENABLE_OBJC_WEAK = YES;
				CLANG_WARN_BLOCK_CAPTURE_AUTORELEASING = YES;
				CLANG_WARN_BOOL_CONVERSION = YES;
				CLANG_WARN_COMMA = YES;
				CLANG_WARN_CONSTANT_CONVERSION = YES;
				CLANG_WARN_DEPRECATED_OBJC_IMPLEMENTATIONS = YES;
				CLANG_WARN_DIRECT_OBJC_ISA_USAGE = YES_ERROR;
				CLANG_WARN_DOCUMENTATION_COMMENTS = YES;
				CLANG_WARN_EMPTY_BODY = YES;
				CLANG_WARN_ENUM_CONVERSION = YES;
				CLANG_WARN_INFINITE_RECURSION = YES;
				CLANG_WARN_INT_CONVERSION = YES;
				CLANG_WARN_NON_LITERAL_NULL_CONVERSION = YES;
				CLANG_WARN_OBJC_IMPLICIT_RETAIN_SELF = YES;
				CLANG_WARN_OBJC_LITERAL_CONVERSION = YES;
				CLANG_WARN_OBJC_ROOT_CLASS = YES_ERROR;
				CLANG_WARN_QUOTED_INCLUDE_IN_FRAMEWORK_HEADER = YES;
				CLANG_WARN_RANGE_LOOP_ANALYSIS = YES;
				CLANG_WARN_STRICT_PROTOTYPES = YES;
				CLANG_WARN_SUSPICIOUS_MOVE = YES;
				CLANG_WARN_UNGUARDED_AVAILABILITY = YES_AGGRESSIVE;
				CLANG_WARN_UNREACHABLE_CODE = YES;
				CLANG_WARN__DUPLICATE_METHOD_MATCH = YES;
				COPY_PHASE_STRIP = NO;
				DEBUG_INFORMATION_FORMAT = dwarf;
				ENABLE_STRICT_OBJC_MSGSEND = YES;
				ENABLE_TESTABILITY = YES;
				GCC_C_LANGUAGE_STANDARD = gnu11;
				GCC_DYNAMIC_NO_PIC = NO;
				GCC_NO_COMMON_BLOCKS = YES;
				GCC_OPTIMIZATION_LEVEL = 0;
				GCC_PREPROCESSOR_DEFINITIONS = (
					"DEBUG=1",
					"$(inherited)",
				);
				GCC_WARN_64_TO_32_BIT_CONVERSION = YES;
				GCC_WARN_ABOUT_RETURN_TYPE = YES_ERROR;
				GCC_WARN_UNDECLARED_SELECTOR = YES;
				GCC_WARN_UNINITIALIZED_AUTOS = YES_AGGRESSIVE;
				GCC_WARN_UNUSED_FUNCTION = YES;
				GCC_WARN_UNUSED_VARIABLE = YES;
				IPHONEOS_DEPLOYMENT_TARGET = 16.4;
				MTL_ENABLE_DEBUG_INFO = INCLUDE_SOURCE;
				MTL_FAST_MATH = YES;
				ONLY_ACTIVE_ARCH = YES;
				SDKROOT = iphoneos;
				SWIFT_ACTIVE_COMPILATION_CONDITIONS = DEBUG;
				SWIFT_OPTIMIZATION_LEVEL = "-Onone";
			};
			name = Debug;
		};
		36928B5C2A42EBAB00A6DE38 /* Release */ = {
			isa = XCBuildConfiguration;
			buildSettings = {
				ALWAYS_SEARCH_USER_PATHS = NO;
				CLANG_ANALYZER_NONNULL = YES;
				CLANG_ANALYZER_NUMBER_OBJECT_CONVERSION = YES_AGGRESSIVE;
				CLANG_CXX_LANGUAGE_STANDARD = "gnu++20";
				CLANG_ENABLE_MODULES = YES;
				CLANG_ENABLE_OBJC_ARC = YES;
				CLANG_ENABLE_OBJC_WEAK = YES;
				CLANG_WARN_BLOCK_CAPTURE_AUTORELEASING = YES;
				CLANG_WARN_BOOL_CONVERSION = YES;
				CLANG_WARN_COMMA = YES;
				CLANG_WARN_CONSTANT_CONVERSION = YES;
				CLANG_WARN_DEPRECATED_OBJC_IMPLEMENTATIONS = YES;
				CLANG_WARN_DIRECT_OBJC_ISA_USAGE = YES_ERROR;
				CLANG_WARN_DOCUMENTATION_COMMENTS = YES;
				CLANG_WARN_EMPTY_BODY = YES;
				CLANG_WARN_ENUM_CONVERSION = YES;
				CLANG_WARN_INFINITE_RECURSION = YES;
				CLANG_WARN_INT_CONVERSION = YES;
				CLANG_WARN_NON_LITERAL_NULL_CONVERSION = YES;
				CLANG_WARN_OBJC_IMPLICIT_RETAIN_SELF = YES;
				CLANG_WARN_OBJC_LITERAL_CONVERSION = YES;
				CLANG_WARN_OBJC_ROOT_CLASS = YES_ERROR;
				CLANG_WARN_QUOTED_INCLUDE_IN_FRAMEWORK_HEADER = YES;
				CLANG_WARN_RANGE_LOOP_ANALYSIS = YES;
				CLANG_WARN_STRICT_PROTOTYPES = YES;
				CLANG_WARN_SUSPICIOUS_MOVE = YES;
				CLANG_WARN_UNGUARDED_AVAILABILITY = YES_AGGRESSIVE;
				CLANG_WARN_UNREACHABLE_CODE = YES;
				CLANG_WARN__DUPLICATE_METHOD_MATCH = YES;
				COPY_PHASE_STRIP = NO;
				DEBUG_INFORMATION_FORMAT = "dwarf-with-dsym";
				ENABLE_NS_ASSERTIONS = NO;
				ENABLE_STRICT_OBJC_MSGSEND = YES;
				GCC_C_LANGUAGE_STANDARD = gnu11;
				GCC_NO_COMMON_BLOCKS = YES;
				GCC_WARN_64_TO_32_BIT_CONVERSION = YES;
				GCC_WARN_ABOUT_RETURN_TYPE = YES_ERROR;
				GCC_WARN_UNDECLARED_SELECTOR = YES;
				GCC_WARN_UNINITIALIZED_AUTOS = YES_AGGRESSIVE;
				GCC_WARN_UNUSED_FUNCTION = YES;
				GCC_WARN_UNUSED_VARIABLE = YES;
				IPHONEOS_DEPLOYMENT_TARGET = 16.4;
				MTL_ENABLE_DEBUG_INFO = NO;
				MTL_FAST_MATH = YES;
				SDKROOT = iphoneos;
				SWIFT_COMPILATION_MODE = wholemodule;
				SWIFT_OPTIMIZATION_LEVEL = "-O";
				VALIDATE_PRODUCT = YES;
			};
			name = Release;
		};
		36928B5E2A42EBAB00A6DE38 /* Debug */ = {
			isa = XCBuildConfiguration;
			buildSettings = {
				ASSETCATALOG_COMPILER_APPICON_NAME = AppIcon;
				ASSETCATALOG_COMPILER_GLOBAL_ACCENT_COLOR_NAME = AccentColor;
				CODE_SIGN_STYLE = Automatic;
				CURRENT_PROJECT_VERSION = 1;
				DEVELOPMENT_TEAM = S5UCK9GBFJ;
				GENERATE_INFOPLIST_FILE = YES;
				INFOPLIST_FILE = SudoQuiz_UIKIT/Info.plist;
				INFOPLIST_KEY_UIApplicationSupportsIndirectInputEvents = YES;
				INFOPLIST_KEY_UILaunchStoryboardName = LaunchScreen;
				INFOPLIST_KEY_UIMainStoryboardFile = Main;
				INFOPLIST_KEY_UISupportedInterfaceOrientations_iPad = "UIInterfaceOrientationPortrait UIInterfaceOrientationPortraitUpsideDown UIInterfaceOrientationLandscapeLeft UIInterfaceOrientationLandscapeRight";
				INFOPLIST_KEY_UISupportedInterfaceOrientations_iPhone = "UIInterfaceOrientationPortrait UIInterfaceOrientationLandscapeLeft UIInterfaceOrientationLandscapeRight";
				LD_RUNPATH_SEARCH_PATHS = (
					"$(inherited)",
					"@executable_path/Frameworks",
				);
				MARKETING_VERSION = 1.0;
				PRODUCT_BUNDLE_IDENTIFIER = "com.gmail.dasom8899981.SudoQuiz-UIKIT";
				PRODUCT_NAME = "$(TARGET_NAME)";
				SUPPORTED_PLATFORMS = "iphoneos iphonesimulator";
				SUPPORTS_MACCATALYST = NO;
				SUPPORTS_MAC_DESIGNED_FOR_IPHONE_IPAD = NO;
				SWIFT_EMIT_LOC_STRINGS = YES;
				SWIFT_VERSION = 5.0;
				TARGETED_DEVICE_FAMILY = 1;
			};
			name = Debug;
		};
		36928B5F2A42EBAB00A6DE38 /* Release */ = {
			isa = XCBuildConfiguration;
			buildSettings = {
				ASSETCATALOG_COMPILER_APPICON_NAME = AppIcon;
				ASSETCATALOG_COMPILER_GLOBAL_ACCENT_COLOR_NAME = AccentColor;
				CODE_SIGN_STYLE = Automatic;
				CURRENT_PROJECT_VERSION = 1;
				DEVELOPMENT_TEAM = S5UCK9GBFJ;
				GENERATE_INFOPLIST_FILE = YES;
				INFOPLIST_FILE = SudoQuiz_UIKIT/Info.plist;
				INFOPLIST_KEY_UIApplicationSupportsIndirectInputEvents = YES;
				INFOPLIST_KEY_UILaunchStoryboardName = LaunchScreen;
				INFOPLIST_KEY_UIMainStoryboardFile = Main;
				INFOPLIST_KEY_UISupportedInterfaceOrientations_iPad = "UIInterfaceOrientationPortrait UIInterfaceOrientationPortraitUpsideDown UIInterfaceOrientationLandscapeLeft UIInterfaceOrientationLandscapeRight";
				INFOPLIST_KEY_UISupportedInterfaceOrientations_iPhone = "UIInterfaceOrientationPortrait UIInterfaceOrientationLandscapeLeft UIInterfaceOrientationLandscapeRight";
				LD_RUNPATH_SEARCH_PATHS = (
					"$(inherited)",
					"@executable_path/Frameworks",
				);
				MARKETING_VERSION = 1.0;
				PRODUCT_BUNDLE_IDENTIFIER = "com.gmail.dasom8899981.SudoQuiz-UIKIT";
				PRODUCT_NAME = "$(TARGET_NAME)";
				SUPPORTED_PLATFORMS = "iphoneos iphonesimulator";
				SUPPORTS_MACCATALYST = NO;
				SUPPORTS_MAC_DESIGNED_FOR_IPHONE_IPAD = NO;
				SWIFT_EMIT_LOC_STRINGS = YES;
				SWIFT_VERSION = 5.0;
				TARGETED_DEVICE_FAMILY = 1;
			};
			name = Release;
		};
/* End XCBuildConfiguration section */

/* Begin XCConfigurationList section */
		36928B442A42EBAB00A6DE38 /* Build configuration list for PBXProject "SudoQuiz_UIKIT" */ = {
			isa = XCConfigurationList;
			buildConfigurations = (
				36928B5B2A42EBAB00A6DE38 /* Debug */,
				36928B5C2A42EBAB00A6DE38 /* Release */,
			);
			defaultConfigurationIsVisible = 0;
			defaultConfigurationName = Release;
		};
		36928B5D2A42EBAB00A6DE38 /* Build configuration list for PBXNativeTarget "SudoQuiz_UIKIT" */ = {
			isa = XCConfigurationList;
			buildConfigurations = (
				36928B5E2A42EBAB00A6DE38 /* Debug */,
				36928B5F2A42EBAB00A6DE38 /* Release */,
			);
			defaultConfigurationIsVisible = 0;
			defaultConfigurationName = Release;
		};
/* End XCConfigurationList section */
	};
	rootObject = 36928B412A42EBAB00A6DE38 /* Project object */;
}
